
Microsoft Visual Studio Solution File, Format Version 12.00
# Visual Studio Version 17
VisualStudioVersion = 17.5.33516.290
MinimumVisualStudioVersion = 10.0.40219.1
Project("{FAE04EC0-301F-11D3-BF4B-00C04F79EFBC}") = "QuickKartClientApp", "QuickKartClientApp\QuickKartClientApp.csproj", "{4701B390-0DCE-44A5-8B61-03188D5CEC3B}"
EndProject
Global
	GlobalSection(SolutionConfigurationPlatforms) = preSolution
		Debug|Any CPU = Debug|Any CPU
		Release|Any CPU = Release|Any CPU
	EndGlobalSection
	GlobalSection(ProjectConfigurationPlatforms) = postSolution
		{4701B390-0DCE-44A5-8B61-03188D5CEC3B}.Debug|Any CPU.ActiveCfg = Debug|Any CPU
		{4701B390-0DCE-44A5-8B61-03188D5CEC3B}.Debug|Any CPU.Build.0 = Debug|Any CPU
		{4701B390-0DCE-44A5-8B61-03188D5CEC3B}.Release|Any CPU.ActiveCfg = Release|Any CPU
		{4701B390-0DCE-44A5-8B61-03188D5CEC3B}.Release|Any CPU.Build.0 = Release|Any CPU
	EndGlobalSection
	GlobalSection(SolutionProperties) = preSolution
		HideSolutionNode = FALSE
	EndGlobalSection
	GlobalSection(ExtensibilityGlobals) = postSolution
		SolutionGuid = {0AA1AAA4-C359-4E53-B44C-2523EFA61E12}
	EndGlobalSection
EndGlobal
